# THIS IS AN AUTOGENERATED FILE. DO NOT EDIT THIS FILE DIRECTLY.
# yarn lockfile v1


"@babel/runtime@^7.21.0":
  version "7.22.5"
  resolved "https://registry.npmmirror.com/@babel/runtime/-/runtime-7.22.5.tgz#8564dd588182ce0047d55d7a75e93921107b57ec"
  integrity sha512-ecjvYlnAaZ/KVneE/OdKYBYfgXV3Ptu6zQWmgEF7vwKhQnvVS6bjMD2XYgj+SNvQ1GfK/pjgokfPkC/2CO8CuA==
  dependencies:
    regenerator-runtime "^0.13.11"

"@remix-run/router@1.7.0":
  version "1.7.0"
  resolved "https://registry.npmmirror.com/@remix-run/router/-/router-1.7.0.tgz#550a8d5760b78efc5d60f62b5829b0f74c1fde81"
  integrity sha512-Eu1V3kz3mV0wUpVTiFHuaT8UD1gj/0VnoFHQYX35xlslQUpe8CuYoKFn9d4WZFHm3yDywz6ALZuGdnUPKrNeAw==

"@types/js-cookie@^2.x.x":
  version "2.2.7"
  resolved "https://registry.npmmirror.com/@types/js-cookie/-/js-cookie-2.2.7.tgz#226a9e31680835a6188e887f3988e60c04d3f6a3"
  integrity sha512-aLkWa0C0vO5b4Sr798E26QgOkss68Un0bLjs7u9qxzPT5CG+8DuNTffWES58YzJs3hrVAOs1wonycqEBqNJubA==

"@vikadata/vika@^1.1.5":
  version "1.1.5"
  resolved "https://registry.npmmirror.com/@vikadata/vika/-/vika-1.1.5.tgz#d10d260907a702b3c87636b3699842e33155cca0"
  integrity sha512-6oZtDV4gjn8NRfmBMiONmtBgnHNn10uFjTowrkgpCQLXmaUwN2KuvQJf45ldrOL+0G9lBfOKLXi5x0z8t6dA2A==
  dependencies:
    axios "^0.19.2"
    form-data "^3.0.0"
    qs "^6.9.4"

ahooks-v3-count@^1.0.0:
  version "1.0.0"
  resolved "https://registry.npmmirror.com/ahooks-v3-count/-/ahooks-v3-count-1.0.0.tgz#ddeb392e009ad6e748905b3cbf63a9fd8262ca80"
  integrity sha512-V7uUvAwnimu6eh/PED4mCDjE7tokeZQLKlxg9lCTMPhN+NjsSbtdacByVlR1oluXQzD3MOw55wylDmQo4+S9ZQ==

ahooks@^3.7.8:
  version "3.7.8"
  resolved "https://registry.npmmirror.com/ahooks/-/ahooks-3.7.8.tgz#3fa3c491cd153e884a32b0c4192fc72cf84c4332"
  integrity sha512-e/NMlQWoCjaUtncNFIZk3FG1ImSkV/JhScQSkTqnftakRwdfZWSw6zzoWSG9OMYqPNs2MguDYBUFFC6THelWXA==
  dependencies:
    "@babel/runtime" "^7.21.0"
    "@types/js-cookie" "^2.x.x"
    ahooks-v3-count "^1.0.0"
    dayjs "^1.9.1"
    intersection-observer "^0.12.0"
    js-cookie "^2.x.x"
    lodash "^4.17.21"
    resize-observer-polyfill "^1.5.1"
    screenfull "^5.0.0"
    tslib "^2.4.1"

asynckit@^0.4.0:
  version "0.4.0"
  resolved "https://registry.npmmirror.com/asynckit/-/asynckit-0.4.0.tgz#c79ed97f7f34cb8f2ba1bc9790bcc366474b4b79"
  integrity sha512-Oei9OH4tRh0YqU3GxhX79dM/mwVgvbZJaSNaRk+bshkj0S5cfHcgYakreBjrHwatXKbz+IoIdYLxrKim2MjW0Q==

axios@^0.19.2:
  version "0.19.2"
  resolved "https://registry.npmmirror.com/axios/-/axios-0.19.2.tgz#3ea36c5d8818d0d5f8a8a97a6d36b86cdc00cb27"
  integrity sha512-fjgm5MvRHLhx+osE2xoekY70AhARk3a6hkN+3Io1jc00jtquGvxYlKlsFUhmUET0V5te6CcZI7lcv2Ym61mjHA==
  dependencies:
    follow-redirects "1.5.10"

call-bind@^1.0.0:
  version "1.0.2"
  resolved "https://registry.npmmirror.com/call-bind/-/call-bind-1.0.2.tgz#b1d4e89e688119c3c9a903ad30abb2f6a919be3c"
  integrity sha512-7O+FbCihrB5WGbFYesctwmTKae6rOiIzmz1icreWJ+0aA7LJfuqhEso2T9ncpcFtzMQtzXf2QGGueWJGTYsqrA==
  dependencies:
    function-bind "^1.1.1"
    get-intrinsic "^1.0.2"

combined-stream@^1.0.8:
  version "1.0.8"
  resolved "https://registry.npmmirror.com/combined-stream/-/combined-stream-1.0.8.tgz#c3d45a8b34fd730631a110a8a2520682b31d5a7f"
  integrity sha512-FQN4MRfuJeHf7cBbBMJFXhKSDq+2kAArBlmRBvcvFE5BB1HZKXtSFASDhdlz9zOYwxh8lDdnvmMOe/+5cdoEdg==
  dependencies:
    delayed-stream "~1.0.0"

dayjs@^1.11.8, dayjs@^1.9.1:
  version "1.11.8"
  resolved "https://registry.npmmirror.com/dayjs/-/dayjs-1.11.8.tgz#4282f139c8c19dd6d0c7bd571e30c2d0ba7698ea"
  integrity sha512-LcgxzFoWMEPO7ggRv1Y2N31hUf2R0Vj7fuy/m+Bg1K8rr+KAs1AEy4y9jd5DXe8pbHgX+srkHNS7TH6Q6ZhYeQ==

debug@=3.1.0:
  version "3.1.0"
  resolved "https://registry.npmmirror.com/debug/-/debug-3.1.0.tgz#5bb5a0672628b64149566ba16819e61518c67261"
  integrity sha512-OX8XqP7/1a9cqkxYw2yXss15f26NKWBpDXQd0/uK/KPqdQhxbPa994hnzjcE2VqQpDslf55723cKPUOGSmMY3g==
  dependencies:
    ms "2.0.0"

delayed-stream@~1.0.0:
  version "1.0.0"
  resolved "https://registry.npmmirror.com/delayed-stream/-/delayed-stream-1.0.0.tgz#df3ae199acadfb7d440aaae0b29e2272b24ec619"
  integrity sha512-ZySD7Nf91aLB0RxL4KGrKHBXl7Eds1DAmEdcoVawXnLD7SDhpNgtuII2aAkg7a7QS41jxPSZ17p4VdGnMHk3MQ==

follow-redirects@1.5.10:
  version "1.5.10"
  resolved "https://registry.npmmirror.com/follow-redirects/-/follow-redirects-1.5.10.tgz#7b7a9f9aea2fdff36786a94ff643ed07f4ff5e2a"
  integrity sha512-0V5l4Cizzvqt5D44aTXbFZz+FtyXV1vrDN6qrelxtfYQKW0KO0W2T/hkE8xvGa/540LkZlkaUjO4ailYTFtHVQ==
  dependencies:
    debug "=3.1.0"

form-data@^3.0.0:
  version "3.0.1"
  resolved "https://registry.npmmirror.com/form-data/-/form-data-3.0.1.tgz#ebd53791b78356a99af9a300d4282c4d5eb9755f"
  integrity sha512-RHkBKtLWUVwd7SqRIvCZMEvAMoGUp0XU+seQiZejj0COz3RI3hWP4sCv3gZWWLjJTd7rGwcsF5eKZGii0r/hbg==
  dependencies:
    asynckit "^0.4.0"
    combined-stream "^1.0.8"
    mime-types "^2.1.12"

function-bind@^1.1.1:
  version "1.1.1"
  resolved "https://registry.npmmirror.com/function-bind/-/function-bind-1.1.1.tgz#a56899d3ea3c9bab874bb9773b7c5ede92f4895d"
  integrity sha512-yIovAzMX49sF8Yl58fSCWJ5svSLuaibPxXQJFLmBObTuCr0Mf1KiPopGM9NiFjiYBCbfaa2Fh6breQ6ANVTI0A==

get-intrinsic@^1.0.2:
  version "1.2.1"
  resolved "https://registry.npmmirror.com/get-intrinsic/-/get-intrinsic-1.2.1.tgz#d295644fed4505fc9cde952c37ee12b477a83d82"
  integrity sha512-2DcsyfABl+gVHEfCOaTrWgyt+tb6MSEGmKq+kI5HwLbIYgjgmMcV8KQ41uaKz1xxUcn9tJtgFbQUEVcEbd0FYw==
  dependencies:
    function-bind "^1.1.1"
    has "^1.0.3"
    has-proto "^1.0.1"
    has-symbols "^1.0.3"

has-proto@^1.0.1:
  version "1.0.1"
  resolved "https://registry.npmmirror.com/has-proto/-/has-proto-1.0.1.tgz#1885c1305538958aff469fef37937c22795408e0"
  integrity sha512-7qE+iP+O+bgF9clE5+UoBFzE65mlBiVj3tKCrlNQ0Ogwm0BjpT/gK4SlLYDMybDh5I3TCTKnPPa0oMG7JDYrhg==

has-symbols@^1.0.3:
  version "1.0.3"
  resolved "https://registry.npmmirror.com/has-symbols/-/has-symbols-1.0.3.tgz#bb7b2c4349251dce87b125f7bdf874aa7c8b39f8"
  integrity sha512-l3LCuF6MgDNwTDKkdYGEihYjt5pRPbEg46rtlmnSPlUbgmB8LOIrKJbYYFBSbnPaJexMKtiPO8hmeRjRz2Td+A==

has@^1.0.3:
  version "1.0.3"
  resolved "https://registry.npmmirror.com/has/-/has-1.0.3.tgz#722d7cbfc1f6aa8241f16dd814e011e1f41e8796"
  integrity sha512-f2dvO0VU6Oej7RkWJGrehjbzMAjFp5/VKPp5tTpWIV4JHHZK1/BxbFRtf/siA2SWTe09caDmVtYYzWEIbBS4zw==
  dependencies:
    function-bind "^1.1.1"

intersection-observer@^0.12.0:
  version "0.12.2"
  resolved "https://registry.npmmirror.com/intersection-observer/-/intersection-observer-0.12.2.tgz#4a45349cc0cd91916682b1f44c28d7ec737dc375"
  integrity sha512-7m1vEcPCxXYI8HqnL8CKI6siDyD+eIWSwgB3DZA+ZTogxk9I4CDnj4wilt9x/+/QbHI4YG5YZNmC6458/e9Ktg==

js-cookie@^2.x.x:
  version "2.2.1"
  resolved "https://registry.npmmirror.com/js-cookie/-/js-cookie-2.2.1.tgz#69e106dc5d5806894562902aa5baec3744e9b2b8"
  integrity sha512-HvdH2LzI/EAZcUwA8+0nKNtWHqS+ZmijLA30RwZA0bo7ToCckjK5MkGhjED9KoRcXO6BaGI3I9UIzSA1FKFPOQ==

lodash@^4.17.21:
  version "4.17.21"
  resolved "https://registry.npmmirror.com/lodash/-/lodash-4.17.21.tgz#679591c564c3bffaae8454cf0b3df370c3d6911c"
  integrity sha512-v2kDEe57lecTulaDIuNTPy3Ry4gLGJ6Z1O3vE1krgXZNrsQ+LFTGHVxVjcXPs17LhbZVGedAJv8XZ1tvj5FvSg==

mime-db@1.52.0:
  version "1.52.0"
  resolved "https://registry.npmmirror.com/mime-db/-/mime-db-1.52.0.tgz#bbabcdc02859f4987301c856e3387ce5ec43bf70"
  integrity sha512-sPU4uV7dYlvtWJxwwxHD0PuihVNiE7TyAbQ5SWxDCB9mUYvOgroQOwYQQOKPJ8CIbE+1ETVlOoK1UC2nU3gYvg==

mime-types@^2.1.12:
  version "2.1.35"
  resolved "https://registry.npmmirror.com/mime-types/-/mime-types-2.1.35.tgz#381a871b62a734450660ae3deee44813f70d959a"
  integrity sha512-ZDY+bPm5zTTF+YpCrAU9nK0UgICYPT0QtT1NZWFv4s++TNkcgVaT0g6+4R2uI4MjQjzysHB1zxuWL50hzaeXiw==
  dependencies:
    mime-db "1.52.0"

ms@2.0.0:
  version "2.0.0"
  resolved "https://registry.npmmirror.com/ms/-/ms-2.0.0.tgz#5608aeadfc00be6c2901df5f9861788de0d597c8"
  integrity sha512-Tpp60P6IUJDTuOq/5Z8cdskzJujfwqfOTkrwIwj7IRISpnkJnT6SyJ4PCPnGMoFjC9ddhal5KVIYtAt97ix05A==

object-inspect@^1.9.0:
  version "1.12.3"
  resolved "https://registry.npmmirror.com/object-inspect/-/object-inspect-1.12.3.tgz#ba62dffd67ee256c8c086dfae69e016cd1f198b9"
  integrity sha512-geUvdk7c+eizMNUDkRpW1wJwgfOiOeHbxBR/hLXK1aT6zmVSO0jsQcs7fj6MGw89jC/cjGfLcNOrtMYtGqm81g==

qs@^6.9.4:
  version "6.11.2"
  resolved "https://registry.npmmirror.com/qs/-/qs-6.11.2.tgz#64bea51f12c1f5da1bc01496f48ffcff7c69d7d9"
  integrity sha512-tDNIz22aBzCDxLtVH++VnTfzxlfeK5CbqohpSqpJgj1Wg/cQbStNAz3NuqCs5vV+pjBsK4x4pN9HlVh7rcYRiA==
  dependencies:
    side-channel "^1.0.4"

react-router-dom@^6.14.0:
  version "6.14.0"
  resolved "https://registry.npmmirror.com/react-router-dom/-/react-router-dom-6.14.0.tgz#7ce6c3f73549e4d40216ba150253d3bf30812b33"
  integrity sha512-YEwlApKwzMMMbGbhh+Q7MsloTldcwMgHxUY/1g0uA62+B1hZo2jsybCWIDCL8zvIDB1FA0pBKY9chHbZHt+2dQ==
  dependencies:
    "@remix-run/router" "1.7.0"
    react-router "6.14.0"

react-router@6.14.0, react-router@^6.14.0:
  version "6.14.0"
  resolved "https://registry.npmmirror.com/react-router/-/react-router-6.14.0.tgz#1c3e8e922d934d43a253fd862c72c82167c0a7f1"
  integrity sha512-OD+vkrcGbvlwkspUFDgMzsu1RXwdjNh83YgG/28lBnDzgslhCgxIqoExLlxsfTpIygp7fc+Hd3esloNwzkm2xA==
  dependencies:
    "@remix-run/router" "1.7.0"

regenerator-runtime@^0.13.11:
  version "0.13.11"
  resolved "https://registry.npmmirror.com/regenerator-runtime/-/regenerator-runtime-0.13.11.tgz#f6dca3e7ceec20590d07ada785636a90cdca17f9"
  integrity sha512-kY1AZVr2Ra+t+piVaJ4gxaFaReZVH40AKNo7UCX6W+dEwBo/2oZJzqfuN1qLq1oL45o56cPaTXELwrTh8Fpggg==

resize-observer-polyfill@^1.5.1:
  version "1.5.1"
  resolved "https://registry.npmmirror.com/resize-observer-polyfill/-/resize-observer-polyfill-1.5.1.tgz#0e9020dd3d21024458d4ebd27e23e40269810464"
  integrity sha512-LwZrotdHOo12nQuZlHEmtuXdqGoOD0OhaxopaNFxWzInpEgaLWoVuAMbTzixuosCx2nEG58ngzW3vxdWoxIgdg==

screenfull@^5.0.0:
  version "5.2.0"
  resolved "https://registry.npmmirror.com/screenfull/-/screenfull-5.2.0.tgz#6533d524d30621fc1283b9692146f3f13a93d1ba"
  integrity sha512-9BakfsO2aUQN2K9Fdbj87RJIEZ82Q9IGim7FqM5OsebfoFC6ZHXgDq/KvniuLTPdeM8wY2o6Dj3WQ7KeQCj3cA==

side-channel@^1.0.4:
  version "1.0.4"
  resolved "https://registry.npmmirror.com/side-channel/-/side-channel-1.0.4.tgz#efce5c8fdc104ee751b25c58d4290011fa5ea2cf"
  integrity sha512-q5XPytqFEIKHkGdiMIrY10mvLRvnQh42/+GoBlFW3b2LXLE2xxJpZFdm94we0BaoV3RwJyGqg5wS7epxTv0Zvw==
  dependencies:
    call-bind "^1.0.0"
    get-intrinsic "^1.0.2"
    object-inspect "^1.9.0"

tslib@^2.4.1:
  version "2.6.0"
  resolved "https://registry.npmmirror.com/tslib/-/tslib-2.6.0.tgz#b295854684dbda164e181d259a22cd779dcd7bc3"
  integrity sha512-7At1WUettjcSRHXCyYtTselblcHl9PJFFVKiCAy/bY97+BPZXSQ2wbq0P9s8tK2G7dFQfNnlJnPAiArVBVBsfA==
